// !$*UTF8*$!
{
	archiveVersion = 1;
	classes = {
	};
	objectVersion = 46;
	objects = {

/* Begin PBXBuildFile section */
		11BD822A1F09D750003F11C8 /* ViewController+ObjectSelection.swift in Sources */ = {isa = PBXBuildFile; fileRef = 147D76491EFC36070000FEBF /* ViewController+ObjectSelection.swift */; };
		147062641F06FA790003EE03 /* VirtualObjectSelection.swift in Sources */ = {isa = PBXBuildFile; fileRef = 147062631F06FA790003EE03 /* VirtualObjectSelection.swift */; };
		1488323F1EFC378A0043E0AB /* ViewController+Actions.swift in Sources */ = {isa = PBXBuildFile; fileRef = 1488323E1EFC378A0043E0AB /* ViewController+Actions.swift */; };
		148832411EFC3B250043E0AB /* FocusSquareSegment.swift in Sources */ = {isa = PBXBuildFile; fileRef = 148832401EFC3B250043E0AB /* FocusSquareSegment.swift */; };
		3929C48C1E89EC2C00E00B60 /* AppDelegate.swift in Sources */ = {isa = PBXBuildFile; fileRef = 3929C48B1E89EC2C00E00B60 /* AppDelegate.swift */; };
		3929C48E1E89EC2C00E00B60 /* ViewController.swift in Sources */ = {isa = PBXBuildFile; fileRef = 3929C48D1E89EC2C00E00B60 /* ViewController.swift */; };
		3929C4911E89EC2C00E00B60 /* Main.storyboard in Resources */ = {isa = PBXBuildFile; fileRef = 3929C48F1E89EC2C00E00B60 /* Main.storyboard */; };
		3929C4931E89EC2C00E00B60 /* Assets.xcassets in Resources */ = {isa = PBXBuildFile; fileRef = 3929C4921E89EC2C00E00B60 /* Assets.xcassets */; };
		3929C49F1E89EE4400E00B60 /* Models.scnassets in Resources */ = {isa = PBXBuildFile; fileRef = 3929C49E1E89EE4400E00B60 /* Models.scnassets */; };
		39C0B95A1E9C6B1F003FCA0C /* Utilities.swift in Sources */ = {isa = PBXBuildFile; fileRef = 39C0B9581E9C6B1F003FCA0C /* Utilities.swift */; };
		39D8DC1B1E8ADAE600386B05 /* LaunchScreen.storyboard in Resources */ = {isa = PBXBuildFile; fileRef = 39D8DC1A1E8ADAE600386B05 /* LaunchScreen.storyboard */; };
		C41366B91EB80DD400EC054A /* StatusViewController.swift in Sources */ = {isa = PBXBuildFile; fileRef = C41366B81EB80DD400EC054A /* StatusViewController.swift */; };
		C42A71BD1E9C0AF200944367 /* FocusSquare.swift in Sources */ = {isa = PBXBuildFile; fileRef = C42A71BC1E9C0AF200944367 /* FocusSquare.swift */; };
		C46356671EF9CC500080C8D9 /* VirtualObjectARView.swift in Sources */ = {isa = PBXBuildFile; fileRef = C46356661EF9CC480080C8D9 /* VirtualObjectARView.swift */; };
		C46356681EF9CC530080C8D9 /* VirtualObjectLoader.swift in Sources */ = {isa = PBXBuildFile; fileRef = C46356651EF9CB1A0080C8D9 /* VirtualObjectLoader.swift */; };
		C812D8681F47628300344E73 /* ThresholdPanGesture.swift in Sources */ = {isa = PBXBuildFile; fileRef = C812D8671F47628300344E73 /* ThresholdPanGesture.swift */; };
		C8C12A711F29277B00B011FE /* ViewController+ARSCNViewDelegate.swift in Sources */ = {isa = PBXBuildFile; fileRef = C8C12A701F29277B00B011FE /* ViewController+ARSCNViewDelegate.swift */; };
		C8C2AC521F3A545C00E86BA3 /* VirtualObjectInteraction.swift in Sources */ = {isa = PBXBuildFile; fileRef = C8C2AC511F3A545C00E86BA3 /* VirtualObjectInteraction.swift */; };
		C8D71A001F3B7D3D0086AD64 /* VirtualObject.swift in Sources */ = {isa = PBXBuildFile; fileRef = C8D719FF1F3B7D3D0086AD64 /* VirtualObject.swift */; };
		E8197D211FB6D0C90074630E /* DynamicGeometry.swift in Sources */ = {isa = PBXBuildFile; fileRef = E8197D201FB6D0C90074630E /* DynamicGeometry.swift */; };
		E8197D261FB6D19F0074630E /* Common.swift in Sources */ = {isa = PBXBuildFile; fileRef = E8197D221FB6D19E0074630E /* Common.swift */; };
		E8197D271FB6D19F0074630E /* SceneKitUtils.swift in Sources */ = {isa = PBXBuildFile; fileRef = E8197D231FB6D19E0074630E /* SceneKitUtils.swift */; };
		E8197D281FB6D19F0074630E /* ARPlaneAnchor+Visualize.swift in Sources */ = {isa = PBXBuildFile; fileRef = E8197D241FB6D19F0074630E /* ARPlaneAnchor+Visualize.swift */; };
		E8197D291FB6D19F0074630E /* VirtualObjectNode.swift in Sources */ = {isa = PBXBuildFile; fileRef = E8197D251FB6D19F0074630E /* VirtualObjectNode.swift */; };
		E83AE5741FB562EC00C4425C /* MenuViewController.swift in Sources */ = {isa = PBXBuildFile; fileRef = E83AE5731FB562EC00C4425C /* MenuViewController.swift */; };
		E83AE5761FB5646800C4425C /* SettingsViewController.swift in Sources */ = {isa = PBXBuildFile; fileRef = E83AE5751FB5646800C4425C /* SettingsViewController.swift */; };
		E83AE5781FB574F500C4425C /* SummaryViewController.swift in Sources */ = {isa = PBXBuildFile; fileRef = E83AE5771FB574F500C4425C /* SummaryViewController.swift */; };
		E877473C1FB7E94200C00B2F /* ColorSlider.swift in Sources */ = {isa = PBXBuildFile; fileRef = E877473B1FB7E94200C00B2F /* ColorSlider.swift */; };
		E87D5D8C1FB93F6B00DB5F64 /* Headache.json in Resources */ = {isa = PBXBuildFile; fileRef = E87D5D8B1FB93F6A00DB5F64 /* Headache.json */; };
		E87D5D8E1FB948F400DB5F64 /* Cough.json in Resources */ = {isa = PBXBuildFile; fileRef = E87D5D8D1FB948F400DB5F64 /* Cough.json */; };
		E87D5D901FB94C1600DB5F64 /* Dizziness.json in Resources */ = {isa = PBXBuildFile; fileRef = E87D5D8F1FB94C1600DB5F64 /* Dizziness.json */; };
		E87D5D921FB94E0B00DB5F64 /* Fever.json in Resources */ = {isa = PBXBuildFile; fileRef = E87D5D911FB94E0B00DB5F64 /* Fever.json */; };
		E87D5D941FB94FAA00DB5F64 /* BackPain.json in Resources */ = {isa = PBXBuildFile; fileRef = E87D5D931FB94FAA00DB5F64 /* BackPain.json */; };
		E87D5D961FB9583200DB5F64 /* Rash.json in Resources */ = {isa = PBXBuildFile; fileRef = E87D5D951FB9583200DB5F64 /* Rash.json */; };
		E87D5D981FB95A6900DB5F64 /* MusclePain.json in Resources */ = {isa = PBXBuildFile; fileRef = E87D5D971FB95A6900DB5F64 /* MusclePain.json */; };
		E87D5D9A1FB9609100DB5F64 /* Earache.json in Resources */ = {isa = PBXBuildFile; fileRef = E87D5D991FB9609000DB5F64 /* Earache.json */; };
		E87D5D9C1FB9627100DB5F64 /* AbdominalPain.json in Resources */ = {isa = PBXBuildFile; fileRef = E87D5D9B1FB9627000DB5F64 /* AbdominalPain.json */; };
		E87D5D9E1FB96A6600DB5F64 /* General.json in Resources */ = {isa = PBXBuildFile; fileRef = E87D5D9D1FB96A6600DB5F64 /* General.json */; };
		E896EF531FB7EF9C00DC921E /* blue-down-button.png in Resources */ = {isa = PBXBuildFile; fileRef = E896EF1B1FB7EF9B00DC921E /* blue-down-button.png */; };
		E896EF541FB7EF9C00DC921E /* blue-down-button@2x.png in Resources */ = {isa = PBXBuildFile; fileRef = E896EF1C1FB7EF9B00DC921E /* blue-down-button@2x.png */; };
		E896EF551FB7EF9C00DC921E /* blue-radio-button-deselected-white.png in Resources */ = {isa = PBXBuildFile; fileRef = E896EF1D1FB7EF9B00DC921E /* blue-radio-button-deselected-white.png */; };
		E896EF561FB7EF9C00DC921E /* blue-radio-button-deselected-white@2x.png in Resources */ = {isa = PBXBuildFile; fileRef = E896EF1E1FB7EF9B00DC921E /* blue-radio-button-deselected-white@2x.png */; };
		E896EF571FB7EF9C00DC921E /* blue-radio-button-selected-white.png in Resources */ = {isa = PBXBuildFile; fileRef = E896EF1F1FB7EF9B00DC921E /* blue-radio-button-selected-white.png */; };
		E896EF581FB7EF9C00DC921E /* blue-radio-button-selected-white@2x.png in Resources */ = {isa = PBXBuildFile; fileRef = E896EF201FB7EF9B00DC921E /* blue-radio-button-selected-white@2x.png */; };
		E896EF591FB7EF9C00DC921E /* blue-tick-box-not-ticked-white.png in Resources */ = {isa = PBXBuildFile; fileRef = E896EF211FB7EF9B00DC921E /* blue-tick-box-not-ticked-white.png */; };
		E896EF5A1FB7EF9C00DC921E /* blue-tick-box-not-ticked-white@2x.png in Resources */ = {isa = PBXBuildFile; fileRef = E896EF221FB7EF9B00DC921E /* blue-tick-box-not-ticked-white@2x.png */; };
		E896EF5B1FB7EF9C00DC921E /* blue-tick-box-ticked-white.png in Resources */ = {isa = PBXBuildFile; fileRef = E896EF231FB7EF9B00DC921E /* blue-tick-box-ticked-white.png */; };
		E896EF5C1FB7EF9C00DC921E /* blue-tick-box-ticked-white@2x.png in Resources */ = {isa = PBXBuildFile; fileRef = E896EF241FB7EF9B00DC921E /* blue-tick-box-ticked-white@2x.png */; };
		E896EF5D1FB7EF9C00DC921E /* CustomConditionDelegate.swift in Sources */ = {isa = PBXBuildFile; fileRef = E896EF261FB7EF9B00DC921E /* CustomConditionDelegate.swift */; };
		E896EF5E1FB7EF9C00DC921E /* DefaultSurveyTheme.swift in Sources */ = {isa = PBXBuildFile; fileRef = E896EF271FB7EF9B00DC921E /* DefaultSurveyTheme.swift */; };
		E896EF5F1FB7EF9C00DC921E /* DefaultTableCellDataDelegate.swift in Sources */ = {isa = PBXBuildFile; fileRef = E896EF281FB7EF9B00DC921E /* DefaultTableCellDataDelegate.swift */; };
		E896EF601FB7EF9C00DC921E /* DefaultValidator.swift in Sources */ = {isa = PBXBuildFile; fileRef = E896EF291FB7EF9B00DC921E /* DefaultValidator.swift */; };
		E896EF611FB7EF9C00DC921E /* Logger.swift in Sources */ = {isa = PBXBuildFile; fileRef = E896EF2A1FB7EF9B00DC921E /* Logger.swift */; };
		E896EF621FB7EF9C00DC921E /* SurveyAnswerDelegate.swift in Sources */ = {isa = PBXBuildFile; fileRef = E896EF2B1FB7EF9B00DC921E /* SurveyAnswerDelegate.swift */; };
		E896EF631FB7EF9C00DC921E /* SurveyBundle.swift in Sources */ = {isa = PBXBuildFile; fileRef = E896EF2C1FB7EF9B00DC921E /* SurveyBundle.swift */; };
		E896EF641FB7EF9C00DC921E /* SurveyDataSource.swift in Sources */ = {isa = PBXBuildFile; fileRef = E896EF2D1FB7EF9B00DC921E /* SurveyDataSource.swift */; };
		E896EF651FB7EF9C00DC921E /* SurveyQuestions.swift in Sources */ = {isa = PBXBuildFile; fileRef = E896EF2E1FB7EF9B00DC921E /* SurveyQuestions.swift */; };
		E896EF661FB7EF9C00DC921E /* SurveyTableViewDelegate.swift in Sources */ = {isa = PBXBuildFile; fileRef = E896EF2F1FB7EF9B00DC921E /* SurveyTableViewDelegate.swift */; };
		E896EF671FB7EF9C00DC921E /* SurveyTheme.swift in Sources */ = {isa = PBXBuildFile; fileRef = E896EF301FB7EF9B00DC921E /* SurveyTheme.swift */; };
		E896EF681FB7EF9C00DC921E /* SurveyViewController.swift in Sources */ = {isa = PBXBuildFile; fileRef = E896EF311FB7EF9B00DC921E /* SurveyViewController.swift */; };
		E896EF691FB7EF9C00DC921E /* TableCellDataDelegate.swift in Sources */ = {isa = PBXBuildFile; fileRef = E896EF321FB7EF9B00DC921E /* TableCellDataDelegate.swift */; };
		E896EF6A1FB7EF9C00DC921E /* TableUIUpdater.swift in Sources */ = {isa = PBXBuildFile; fileRef = E896EF331FB7EF9B00DC921E /* TableUIUpdater.swift */; };
		E896EF6B1FB7EF9C00DC921E /* AddTextFieldTableViewCell.swift in Sources */ = {isa = PBXBuildFile; fileRef = E896EF351FB7EF9B00DC921E /* AddTextFieldTableViewCell.swift */; };
		E896EF6C1FB7EF9C00DC921E /* AddTextFieldTableViewCell.xib in Resources */ = {isa = PBXBuildFile; fileRef = E896EF361FB7EF9B00DC921E /* AddTextFieldTableViewCell.xib */; };
		E896EF6D1FB7EF9C00DC921E /* DatePickerTableViewCell.swift in Sources */ = {isa = PBXBuildFile; fileRef = E896EF371FB7EF9B00DC921E /* DatePickerTableViewCell.swift */; };
		E896EF6E1FB7EF9C00DC921E /* DatePickerViewController.swift in Sources */ = {isa = PBXBuildFile; fileRef = E896EF381FB7EF9B00DC921E /* DatePickerViewController.swift */; };
		E896EF6F1FB7EF9C00DC921E /* DatePickerViewController.xib in Resources */ = {isa = PBXBuildFile; fileRef = E896EF391FB7EF9B00DC921E /* DatePickerViewController.xib */; };
		E896EF701FB7EF9C00DC921E /* DynamicLabelTableViewCell.swift in Sources */ = {isa = PBXBuildFile; fileRef = E896EF3A1FB7EF9B00DC921E /* DynamicLabelTableViewCell.swift */; };
		E896EF711FB7EF9C00DC921E /* DynamicLabelTableViewCell.xib in Resources */ = {isa = PBXBuildFile; fileRef = E896EF3B1FB7EF9B00DC921E /* DynamicLabelTableViewCell.xib */; };
		E896EF721FB7EF9C00DC921E /* DynamicLabelTextFieldTableViewCell.swift in Sources */ = {isa = PBXBuildFile; fileRef = E896EF3C1FB7EF9B00DC921E /* DynamicLabelTextFieldTableViewCell.swift */; };
		E896EF731FB7EF9C00DC921E /* DynamicLabelTextFieldTableViewCell.xib in Resources */ = {isa = PBXBuildFile; fileRef = E896EF3D1FB7EF9B00DC921E /* DynamicLabelTextFieldTableViewCell.xib */; };
		E896EF741FB7EF9C00DC921E /* HasSelectionState.swift in Sources */ = {isa = PBXBuildFile; fileRef = E896EF3E1FB7EF9B00DC921E /* HasSelectionState.swift */; };
		E896EF751FB7EF9C00DC921E /* OptionTableViewCell.swift in Sources */ = {isa = PBXBuildFile; fileRef = E896EF3F1FB7EF9B00DC921E /* OptionTableViewCell.swift */; };
		E896EF761FB7EF9C00DC921E /* OptionTableViewCell.xib in Resources */ = {isa = PBXBuildFile; fileRef = E896EF401FB7EF9B00DC921E /* OptionTableViewCell.xib */; };
		E896EF771FB7EF9C00DC921E /* OtherOptionTableViewCell.swift in Sources */ = {isa = PBXBuildFile; fileRef = E896EF411FB7EF9B00DC921E /* OtherOptionTableViewCell.swift */; };
		E896EF781FB7EF9C00DC921E /* OtherOptionTableViewCell.xib in Resources */ = {isa = PBXBuildFile; fileRef = E896EF421FB7EF9B00DC921E /* OtherOptionTableViewCell.xib */; };
		E896EF791FB7EF9C00DC921E /* PickerViewController.swift in Sources */ = {isa = PBXBuildFile; fileRef = E896EF431FB7EF9B00DC921E /* PickerViewController.swift */; };
		E896EF7A1FB7EF9C00DC921E /* PickerViewController.xib in Resources */ = {isa = PBXBuildFile; fileRef = E896EF441FB7EF9B00DC921E /* PickerViewController.xib */; };
		E896EF7B1FB7EF9C00DC921E /* SelectSegmentTableViewCell.swift in Sources */ = {isa = PBXBuildFile; fileRef = E896EF451FB7EF9B00DC921E /* SelectSegmentTableViewCell.swift */; };
		E896EF7C1FB7EF9C00DC921E /* SelectSegmentTableViewCell.xib in Resources */ = {isa = PBXBuildFile; fileRef = E896EF461FB7EF9B00DC921E /* SelectSegmentTableViewCell.xib */; };
		E896EF7D1FB7EF9C00DC921E /* SubmitButtonTableViewCell.swift in Sources */ = {isa = PBXBuildFile; fileRef = E896EF471FB7EF9B00DC921E /* SubmitButtonTableViewCell.swift */; };
		E896EF7E1FB7EF9C00DC921E /* SubmitButtonTableViewCell.xib in Resources */ = {isa = PBXBuildFile; fileRef = E896EF481FB7EF9B00DC921E /* SubmitButtonTableViewCell.xib */; };
		E896EF7F1FB7EF9C00DC921E /* TableRowHeaderTableViewCell.swift in Sources */ = {isa = PBXBuildFile; fileRef = E896EF491FB7EF9B00DC921E /* TableRowHeaderTableViewCell.swift */; };
		E896EF801FB7EF9C00DC921E /* TableRowHeaderTableViewCell.xib in Resources */ = {isa = PBXBuildFile; fileRef = E896EF4A1FB7EF9B00DC921E /* TableRowHeaderTableViewCell.xib */; };
		E896EF811FB7EF9C00DC921E /* TableRowTableViewCell.swift in Sources */ = {isa = PBXBuildFile; fileRef = E896EF4B1FB7EF9B00DC921E /* TableRowTableViewCell.swift */; };
		E896EF821FB7EF9C00DC921E /* TableRowTableViewCell.xib in Resources */ = {isa = PBXBuildFile; fileRef = E896EF4C1FB7EF9B00DC921E /* TableRowTableViewCell.xib */; };
		E896EF831FB7EF9C00DC921E /* TableViewCellActivating.swift in Sources */ = {isa = PBXBuildFile; fileRef = E896EF4D1FB7EF9B00DC921E /* TableViewCellActivating.swift */; };
		E896EF841FB7EF9C00DC921E /* TextFieldTableViewCell.swift in Sources */ = {isa = PBXBuildFile; fileRef = E896EF4E1FB7EF9B00DC921E /* TextFieldTableViewCell.swift */; };
		E896EF851FB7EF9C00DC921E /* TextFieldTableViewCell.xib in Resources */ = {isa = PBXBuildFile; fileRef = E896EF4F1FB7EF9B00DC921E /* TextFieldTableViewCell.xib */; };
		E896EF861FB7EF9C00DC921E /* YearPickerTableViewCell.swift in Sources */ = {isa = PBXBuildFile; fileRef = E896EF501FB7EF9B00DC921E /* YearPickerTableViewCell.swift */; };
		E896EF871FB7EF9C00DC921E /* ValidationFailedDelegate.swift in Sources */ = {isa = PBXBuildFile; fileRef = E896EF511FB7EF9B00DC921E /* ValidationFailedDelegate.swift */; };
		E896EF881FB7EF9C00DC921E /* Validator.swift in Sources */ = {isa = PBXBuildFile; fileRef = E896EF521FB7EF9B00DC921E /* Validator.swift */; };
		E896EF8C1FB7F09B00DC921E /* ExampleQuestions.json in Resources */ = {isa = PBXBuildFile; fileRef = E896EF891FB7F09A00DC921E /* ExampleQuestions.json */; };
		E896EF8E1FB7F09B00DC921E /* MyViewController.swift in Sources */ = {isa = PBXBuildFile; fileRef = E896EF8B1FB7F09B00DC921E /* MyViewController.swift */; };
		E896EF901FB803AC00DC921E /* MasterViewController.swift in Sources */ = {isa = PBXBuildFile; fileRef = E896EF8F1FB803AC00DC921E /* MasterViewController.swift */; };
		E896EF921FB80D8A00DC921E /* NeckPain.json in Resources */ = {isa = PBXBuildFile; fileRef = E896EF911FB80D8900DC921E /* NeckPain.json */; };
/* End PBXBuildFile section */

/* Begin PBXFileReference section */
		11063F3B1EBE651B0033EE6D /* README.md */ = {isa = PBXFileReference; lastKnownFileType = net.daringfireball.markdown; path = README.md; sourceTree = "<group>"; };
		147062631F06FA790003EE03 /* VirtualObjectSelection.swift */ = {isa = PBXFileReference; lastKnownFileType = sourcecode.swift; path = VirtualObjectSelection.swift; sourceTree = "<group>"; };
		147D76491EFC36070000FEBF /* ViewController+ObjectSelection.swift */ = {isa = PBXFileReference; lastKnownFileType = sourcecode.swift; path = "ViewController+ObjectSelection.swift"; sourceTree = "<group>"; };
		1488323E1EFC378A0043E0AB /* ViewController+Actions.swift */ = {isa = PBXFileReference; lastKnownFileType = sourcecode.swift; path = "ViewController+Actions.swift"; sourceTree = "<group>"; };
		148832401EFC3B250043E0AB /* FocusSquareSegment.swift */ = {isa = PBXFileReference; lastKnownFileType = sourcecode.swift; path = FocusSquareSegment.swift; sourceTree = "<group>"; };
		3929C4881E89EC2C00E00B60 /* ARKitInteraction.app */ = {isa = PBXFileReference; explicitFileType = wrapper.application; includeInIndex = 0; path = ARKitInteraction.app; sourceTree = BUILT_PRODUCTS_DIR; };
		3929C48B1E89EC2C00E00B60 /* AppDelegate.swift */ = {isa = PBXFileReference; lastKnownFileType = sourcecode.swift; path = AppDelegate.swift; sourceTree = "<group>"; };
		3929C48D1E89EC2C00E00B60 /* ViewController.swift */ = {isa = PBXFileReference; lastKnownFileType = sourcecode.swift; path = ViewController.swift; sourceTree = "<group>"; };
		3929C4901E89EC2C00E00B60 /* Base */ = {isa = PBXFileReference; lastKnownFileType = file.storyboard; name = Base; path = Base.lproj/Main.storyboard; sourceTree = "<group>"; };
		3929C4921E89EC2C00E00B60 /* Assets.xcassets */ = {isa = PBXFileReference; lastKnownFileType = folder.assetcatalog; path = Assets.xcassets; sourceTree = "<group>"; };
		3929C4971E89EC2C00E00B60 /* Info.plist */ = {isa = PBXFileReference; lastKnownFileType = text.plist.xml; path = Info.plist; sourceTree = "<group>"; };
		3929C49E1E89EE4400E00B60 /* Models.scnassets */ = {isa = PBXFileReference; lastKnownFileType = wrapper.scnassets; path = Models.scnassets; sourceTree = "<group>"; };
		39C0B9581E9C6B1F003FCA0C /* Utilities.swift */ = {isa = PBXFileReference; fileEncoding = 4; lastKnownFileType = sourcecode.swift; path = Utilities.swift; sourceTree = "<group>"; };
		39D8DC1A1E8ADAE600386B05 /* LaunchScreen.storyboard */ = {isa = PBXFileReference; fileEncoding = 4; lastKnownFileType = file.storyboard; path = LaunchScreen.storyboard; sourceTree = "<group>"; };
		C41366B81EB80DD400EC054A /* StatusViewController.swift */ = {isa = PBXFileReference; lastKnownFileType = sourcecode.swift; path = StatusViewController.swift; sourceTree = "<group>"; };
		C42A71BC1E9C0AF200944367 /* FocusSquare.swift */ = {isa = PBXFileReference; fileEncoding = 4; lastKnownFileType = sourcecode.swift; path = FocusSquare.swift; sourceTree = "<group>"; };
		C46356651EF9CB1A0080C8D9 /* VirtualObjectLoader.swift */ = {isa = PBXFileReference; lastKnownFileType = sourcecode.swift; path = VirtualObjectLoader.swift; sourceTree = "<group>"; };
		C46356661EF9CC480080C8D9 /* VirtualObjectARView.swift */ = {isa = PBXFileReference; lastKnownFileType = sourcecode.swift; path = VirtualObjectARView.swift; sourceTree = "<group>"; };
		C812D8671F47628300344E73 /* ThresholdPanGesture.swift */ = {isa = PBXFileReference; lastKnownFileType = sourcecode.swift; path = ThresholdPanGesture.swift; sourceTree = "<group>"; };
		C8C12A701F29277B00B011FE /* ViewController+ARSCNViewDelegate.swift */ = {isa = PBXFileReference; lastKnownFileType = sourcecode.swift; path = "ViewController+ARSCNViewDelegate.swift"; sourceTree = "<group>"; };
		C8C2AC511F3A545C00E86BA3 /* VirtualObjectInteraction.swift */ = {isa = PBXFileReference; lastKnownFileType = sourcecode.swift; path = VirtualObjectInteraction.swift; sourceTree = "<group>"; };
		C8D719FF1F3B7D3D0086AD64 /* VirtualObject.swift */ = {isa = PBXFileReference; lastKnownFileType = sourcecode.swift; path = VirtualObject.swift; sourceTree = "<group>"; };
		E5D46016DF144A3D9292F48C /* LICENSE.txt */ = {isa = PBXFileReference; includeInIndex = 1; lastKnownFileType = text; path = LICENSE.txt; sourceTree = "<group>"; };
		E8197D201FB6D0C90074630E /* DynamicGeometry.swift */ = {isa = PBXFileReference; fileEncoding = 4; lastKnownFileType = sourcecode.swift; path = DynamicGeometry.swift; sourceTree = "<group>"; };
		E8197D221FB6D19E0074630E /* Common.swift */ = {isa = PBXFileReference; fileEncoding = 4; lastKnownFileType = sourcecode.swift; path = Common.swift; sourceTree = "<group>"; };
		E8197D231FB6D19E0074630E /* SceneKitUtils.swift */ = {isa = PBXFileReference; fileEncoding = 4; lastKnownFileType = sourcecode.swift; path = SceneKitUtils.swift; sourceTree = "<group>"; };
		E8197D241FB6D19F0074630E /* ARPlaneAnchor+Visualize.swift */ = {isa = PBXFileReference; fileEncoding = 4; lastKnownFileType = sourcecode.swift; path = "ARPlaneAnchor+Visualize.swift"; sourceTree = "<group>"; };
		E8197D251FB6D19F0074630E /* VirtualObjectNode.swift */ = {isa = PBXFileReference; fileEncoding = 4; lastKnownFileType = sourcecode.swift; path = VirtualObjectNode.swift; sourceTree = "<group>"; };
		E83AE5731FB562EC00C4425C /* MenuViewController.swift */ = {isa = PBXFileReference; lastKnownFileType = sourcecode.swift; path = MenuViewController.swift; sourceTree = "<group>"; };
		E83AE5751FB5646800C4425C /* SettingsViewController.swift */ = {isa = PBXFileReference; lastKnownFileType = sourcecode.swift; path = SettingsViewController.swift; sourceTree = "<group>"; };
		E83AE5771FB574F500C4425C /* SummaryViewController.swift */ = {isa = PBXFileReference; lastKnownFileType = sourcecode.swift; path = SummaryViewController.swift; sourceTree = "<group>"; };
		E877473B1FB7E94200C00B2F /* ColorSlider.swift */ = {isa = PBXFileReference; fileEncoding = 4; lastKnownFileType = sourcecode.swift; path = ColorSlider.swift; sourceTree = "<group>"; };
		E87D5D8B1FB93F6A00DB5F64 /* Headache.json */ = {isa = PBXFileReference; fileEncoding = 4; lastKnownFileType = text.json; path = Headache.json; sourceTree = "<group>"; };
		E87D5D8D1FB948F400DB5F64 /* Cough.json */ = {isa = PBXFileReference; fileEncoding = 4; lastKnownFileType = text.json; path = Cough.json; sourceTree = "<group>"; };
		E87D5D8F1FB94C1600DB5F64 /* Dizziness.json */ = {isa = PBXFileReference; fileEncoding = 4; lastKnownFileType = text.json; path = Dizziness.json; sourceTree = "<group>"; };
		E87D5D911FB94E0B00DB5F64 /* Fever.json */ = {isa = PBXFileReference; fileEncoding = 4; lastKnownFileType = text.json; path = Fever.json; sourceTree = "<group>"; };
		E87D5D931FB94FAA00DB5F64 /* BackPain.json */ = {isa = PBXFileReference; fileEncoding = 4; lastKnownFileType = text.json; path = BackPain.json; sourceTree = "<group>"; };
		E87D5D951FB9583200DB5F64 /* Rash.json */ = {isa = PBXFileReference; fileEncoding = 4; lastKnownFileType = text.json; path = Rash.json; sourceTree = "<group>"; };
		E87D5D971FB95A6900DB5F64 /* MusclePain.json */ = {isa = PBXFileReference; fileEncoding = 4; lastKnownFileType = text.json; path = MusclePain.json; sourceTree = "<group>"; };
		E87D5D991FB9609000DB5F64 /* Earache.json */ = {isa = PBXFileReference; fileEncoding = 4; lastKnownFileType = text.json; path = Earache.json; sourceTree = "<group>"; };
		E87D5D9B1FB9627000DB5F64 /* AbdominalPain.json */ = {isa = PBXFileReference; fileEncoding = 4; lastKnownFileType = text.json; path = AbdominalPain.json; sourceTree = "<group>"; };
		E87D5D9D1FB96A6600DB5F64 /* General.json */ = {isa = PBXFileReference; fileEncoding = 4; lastKnownFileType = text.json; path = General.json; sourceTree = "<group>"; };
		E896EF1B1FB7EF9B00DC921E /* blue-down-button.png */ = {isa = PBXFileReference; lastKnownFileType = image.png; path = "blue-down-button.png"; sourceTree = "<group>"; };
		E896EF1C1FB7EF9B00DC921E /* blue-down-button@2x.png */ = {isa = PBXFileReference; lastKnownFileType = image.png; path = "blue-down-button@2x.png"; sourceTree = "<group>"; };
		E896EF1D1FB7EF9B00DC921E /* blue-radio-button-deselected-white.png */ = {isa = PBXFileReference; lastKnownFileType = image.png; path = "blue-radio-button-deselected-white.png"; sourceTree = "<group>"; };
		E896EF1E1FB7EF9B00DC921E /* blue-radio-button-deselected-white@2x.png */ = {isa = PBXFileReference; lastKnownFileType = image.png; path = "blue-radio-button-deselected-white@2x.png"; sourceTree = "<group>"; };
		E896EF1F1FB7EF9B00DC921E /* blue-radio-button-selected-white.png */ = {isa = PBXFileReference; lastKnownFileType = image.png; path = "blue-radio-button-selected-white.png"; sourceTree = "<group>"; };
		E896EF201FB7EF9B00DC921E /* blue-radio-button-selected-white@2x.png */ = {isa = PBXFileReference; lastKnownFileType = image.png; path = "blue-radio-button-selected-white@2x.png"; sourceTree = "<group>"; };
		E896EF211FB7EF9B00DC921E /* blue-tick-box-not-ticked-white.png */ = {isa = PBXFileReference; lastKnownFileType = image.png; path = "blue-tick-box-not-ticked-white.png"; sourceTree = "<group>"; };
		E896EF221FB7EF9B00DC921E /* blue-tick-box-not-ticked-white@2x.png */ = {isa = PBXFileReference; lastKnownFileType = image.png; path = "blue-tick-box-not-ticked-white@2x.png"; sourceTree = "<group>"; };
		E896EF231FB7EF9B00DC921E /* blue-tick-box-ticked-white.png */ = {isa = PBXFileReference; lastKnownFileType = image.png; path = "blue-tick-box-ticked-white.png"; sourceTree = "<group>"; };
		E896EF241FB7EF9B00DC921E /* blue-tick-box-ticked-white@2x.png */ = {isa = PBXFileReference; lastKnownFileType = image.png; path = "blue-tick-box-ticked-white@2x.png"; sourceTree = "<group>"; };
		E896EF261FB7EF9B00DC921E /* CustomConditionDelegate.swift */ = {isa = PBXFileReference; fileEncoding = 4; lastKnownFileType = sourcecode.swift; path = CustomConditionDelegate.swift; sourceTree = "<group>"; };
		E896EF271FB7EF9B00DC921E /* DefaultSurveyTheme.swift */ = {isa = PBXFileReference; fileEncoding = 4; lastKnownFileType = sourcecode.swift; path = DefaultSurveyTheme.swift; sourceTree = "<group>"; };
		E896EF281FB7EF9B00DC921E /* DefaultTableCellDataDelegate.swift */ = {isa = PBXFileReference; fileEncoding = 4; lastKnownFileType = sourcecode.swift; path = DefaultTableCellDataDelegate.swift; sourceTree = "<group>"; };
		E896EF291FB7EF9B00DC921E /* DefaultValidator.swift */ = {isa = PBXFileReference; fileEncoding = 4; lastKnownFileType = sourcecode.swift; path = DefaultValidator.swift; sourceTree = "<group>"; };
		E896EF2A1FB7EF9B00DC921E /* Logger.swift */ = {isa = PBXFileReference; fileEncoding = 4; lastKnownFileType = sourcecode.swift; path = Logger.swift; sourceTree = "<group>"; };
		E896EF2B1FB7EF9B00DC921E /* SurveyAnswerDelegate.swift */ = {isa = PBXFileReference; fileEncoding = 4; lastKnownFileType = sourcecode.swift; path = SurveyAnswerDelegate.swift; sourceTree = "<group>"; };
		E896EF2C1FB7EF9B00DC921E /* SurveyBundle.swift */ = {isa = PBXFileReference; fileEncoding = 4; lastKnownFileType = sourcecode.swift; path = SurveyBundle.swift; sourceTree = "<group>"; };
		E896EF2D1FB7EF9B00DC921E /* SurveyDataSource.swift */ = {isa = PBXFileReference; fileEncoding = 4; lastKnownFileType = sourcecode.swift; path = SurveyDataSource.swift; sourceTree = "<group>"; };
		E896EF2E1FB7EF9B00DC921E /* SurveyQuestions.swift */ = {isa = PBXFileReference; fileEncoding = 4; lastKnownFileType = sourcecode.swift; path = SurveyQuestions.swift; sourceTree = "<group>"; };
		E896EF2F1FB7EF9B00DC921E /* SurveyTableViewDelegate.swift */ = {isa = PBXFileReference; fileEncoding = 4; lastKnownFileType = sourcecode.swift; path = SurveyTableViewDelegate.swift; sourceTree = "<group>"; };
		E896EF301FB7EF9B00DC921E /* SurveyTheme.swift */ = {isa = PBXFileReference; fileEncoding = 4; lastKnownFileType = sourcecode.swift; path = SurveyTheme.swift; sourceTree = "<group>"; };
		E896EF311FB7EF9B00DC921E /* SurveyViewController.swift */ = {isa = PBXFileReference; fileEncoding = 4; lastKnownFileType = sourcecode.swift; path = SurveyViewController.swift; sourceTree = "<group>"; };
		E896EF321FB7EF9B00DC921E /* TableCellDataDelegate.swift */ = {isa = PBXFileReference; fileEncoding = 4; lastKnownFileType = sourcecode.swift; path = TableCellDataDelegate.swift; sourceTree = "<group>"; };
		E896EF331FB7EF9B00DC921E /* TableUIUpdater.swift */ = {isa = PBXFileReference; fileEncoding = 4; lastKnownFileType = sourcecode.swift; path = TableUIUpdater.swift; sourceTree = "<group>"; };
		E896EF351FB7EF9B00DC921E /* AddTextFieldTableViewCell.swift */ = {isa = PBXFileReference; fileEncoding = 4; lastKnownFileType = sourcecode.swift; path = AddTextFieldTableViewCell.swift; sourceTree = "<group>"; };
		E896EF361FB7EF9B00DC921E /* AddTextFieldTableViewCell.xib */ = {isa = PBXFileReference; fileEncoding = 4; lastKnownFileType = file.xib; path = AddTextFieldTableViewCell.xib; sourceTree = "<group>"; };
		E896EF371FB7EF9B00DC921E /* DatePickerTableViewCell.swift */ = {isa = PBXFileReference; fileEncoding = 4; lastKnownFileType = sourcecode.swift; path = DatePickerTableViewCell.swift; sourceTree = "<group>"; };
		E896EF381FB7EF9B00DC921E /* DatePickerViewController.swift */ = {isa = PBXFileReference; fileEncoding = 4; lastKnownFileType = sourcecode.swift; path = DatePickerViewController.swift; sourceTree = "<group>"; };
		E896EF391FB7EF9B00DC921E /* DatePickerViewController.xib */ = {isa = PBXFileReference; fileEncoding = 4; lastKnownFileType = file.xib; path = DatePickerViewController.xib; sourceTree = "<group>"; };
		E896EF3A1FB7EF9B00DC921E /* DynamicLabelTableViewCell.swift */ = {isa = PBXFileReference; fileEncoding = 4; lastKnownFileType = sourcecode.swift; path = DynamicLabelTableViewCell.swift; sourceTree = "<group>"; };
		E896EF3B1FB7EF9B00DC921E /* DynamicLabelTableViewCell.xib */ = {isa = PBXFileReference; fileEncoding = 4; lastKnownFileType = file.xib; path = DynamicLabelTableViewCell.xib; sourceTree = "<group>"; };
		E896EF3C1FB7EF9B00DC921E /* DynamicLabelTextFieldTableViewCell.swift */ = {isa = PBXFileReference; fileEncoding = 4; lastKnownFileType = sourcecode.swift; path = DynamicLabelTextFieldTableViewCell.swift; sourceTree = "<group>"; };
		E896EF3D1FB7EF9B00DC921E /* DynamicLabelTextFieldTableViewCell.xib */ = {isa = PBXFileReference; fileEncoding = 4; lastKnownFileType = file.xib; path = DynamicLabelTextFieldTableViewCell.xib; sourceTree = "<group>"; };
		E896EF3E1FB7EF9B00DC921E /* HasSelectionState.swift */ = {isa = PBXFileReference; fileEncoding = 4; lastKnownFileType = sourcecode.swift; path = HasSelectionState.swift; sourceTree = "<group>"; };
		E896EF3F1FB7EF9B00DC921E /* OptionTableViewCell.swift */ = {isa = PBXFileReference; fileEncoding = 4; lastKnownFileType = sourcecode.swift; path = OptionTableViewCell.swift; sourceTree = "<group>"; };
		E896EF401FB7EF9B00DC921E /* OptionTableViewCell.xib */ = {isa = PBXFileReference; fileEncoding = 4; lastKnownFileType = file.xib; path = OptionTableViewCell.xib; sourceTree = "<group>"; };
		E896EF411FB7EF9B00DC921E /* OtherOptionTableViewCell.swift */ = {isa = PBXFileReference; fileEncoding = 4; lastKnownFileType = sourcecode.swift; path = OtherOptionTableViewCell.swift; sourceTree = "<group>"; };
		E896EF421FB7EF9B00DC921E /* OtherOptionTableViewCell.xib */ = {isa = PBXFileReference; fileEncoding = 4; lastKnownFileType = file.xib; path = OtherOptionTableViewCell.xib; sourceTree = "<group>"; };
		E896EF431FB7EF9B00DC921E /* PickerViewController.swift */ = {isa = PBXFileReference; fileEncoding = 4; lastKnownFileType = sourcecode.swift; path = PickerViewController.swift; sourceTree = "<group>"; };
		E896EF441FB7EF9B00DC921E /* PickerViewController.xib */ = {isa = PBXFileReference; fileEncoding = 4; lastKnownFileType = file.xib; path = PickerViewController.xib; sourceTree = "<group>"; };
		E896EF451FB7EF9B00DC921E /* SelectSegmentTableViewCell.swift */ = {isa = PBXFileReference; fileEncoding = 4; lastKnownFileType = sourcecode.swift; path = SelectSegmentTableViewCell.swift; sourceTree = "<group>"; };
		E896EF461FB7EF9B00DC921E /* SelectSegmentTableViewCell.xib */ = {isa = PBXFileReference; fileEncoding = 4; lastKnownFileType = file.xib; path = SelectSegmentTableViewCell.xib; sourceTree = "<group>"; };
		E896EF471FB7EF9B00DC921E /* SubmitButtonTableViewCell.swift */ = {isa = PBXFileReference; fileEncoding = 4; lastKnownFileType = sourcecode.swift; path = SubmitButtonTableViewCell.swift; sourceTree = "<group>"; };
		E896EF481FB7EF9B00DC921E /* SubmitButtonTableViewCell.xib */ = {isa = PBXFileReference; fileEncoding = 4; lastKnownFileType = file.xib; path = SubmitButtonTableViewCell.xib; sourceTree = "<group>"; };
		E896EF491FB7EF9B00DC921E /* TableRowHeaderTableViewCell.swift */ = {isa = PBXFileReference; fileEncoding = 4; lastKnownFileType = sourcecode.swift; path = TableRowHeaderTableViewCell.swift; sourceTree = "<group>"; };
		E896EF4A1FB7EF9B00DC921E /* TableRowHeaderTableViewCell.xib */ = {isa = PBXFileReference; fileEncoding = 4; lastKnownFileType = file.xib; path = TableRowHeaderTableViewCell.xib; sourceTree = "<group>"; };
		E896EF4B1FB7EF9B00DC921E /* TableRowTableViewCell.swift */ = {isa = PBXFileReference; fileEncoding = 4; lastKnownFileType = sourcecode.swift; path = TableRowTableViewCell.swift; sourceTree = "<group>"; };
		E896EF4C1FB7EF9B00DC921E /* TableRowTableViewCell.xib */ = {isa = PBXFileReference; fileEncoding = 4; lastKnownFileType = file.xib; path = TableRowTableViewCell.xib; sourceTree = "<group>"; };
		E896EF4D1FB7EF9B00DC921E /* TableViewCellActivating.swift */ = {isa = PBXFileReference; fileEncoding = 4; lastKnownFileType = sourcecode.swift; path = TableViewCellActivating.swift; sourceTree = "<group>"; };
		E896EF4E1FB7EF9B00DC921E /* TextFieldTableViewCell.swift */ = {isa = PBXFileReference; fileEncoding = 4; lastKnownFileType = sourcecode.swift; path = TextFieldTableViewCell.swift; sourceTree = "<group>"; };
		E896EF4F1FB7EF9B00DC921E /* TextFieldTableViewCell.xib */ = {isa = PBXFileReference; fileEncoding = 4; lastKnownFileType = file.xib; path = TextFieldTableViewCell.xib; sourceTree = "<group>"; };
		E896EF501FB7EF9B00DC921E /* YearPickerTableViewCell.swift */ = {isa = PBXFileReference; fileEncoding = 4; lastKnownFileType = sourcecode.swift; path = YearPickerTableViewCell.swift; sourceTree = "<group>"; };
		E896EF511FB7EF9B00DC921E /* ValidationFailedDelegate.swift */ = {isa = PBXFileReference; fileEncoding = 4; lastKnownFileType = sourcecode.swift; path = ValidationFailedDelegate.swift; sourceTree = "<group>"; };
		E896EF521FB7EF9B00DC921E /* Validator.swift */ = {isa = PBXFileReference; fileEncoding = 4; lastKnownFileType = sourcecode.swift; path = Validator.swift; sourceTree = "<group>"; };
		E896EF891FB7F09A00DC921E /* ExampleQuestions.json */ = {isa = PBXFileReference; fileEncoding = 4; lastKnownFileType = text.json; path = ExampleQuestions.json; sourceTree = "<group>"; };
		E896EF8B1FB7F09B00DC921E /* MyViewController.swift */ = {isa = PBXFileReference; fileEncoding = 4; lastKnownFileType = sourcecode.swift; path = MyViewController.swift; sourceTree = "<group>"; };
		E896EF8F1FB803AC00DC921E /* MasterViewController.swift */ = {isa = PBXFileReference; fileEncoding = 4; lastKnownFileType = sourcecode.swift; path = MasterViewController.swift; sourceTree = "<group>"; };
		E896EF911FB80D8900DC921E /* NeckPain.json */ = {isa = PBXFileReference; fileEncoding = 4; lastKnownFileType = text.json; path = NeckPain.json; sourceTree = "<group>"; };
		EDEAD543F9C5D3E64B9CC319 /* SampleCode.xcconfig */ = {isa = PBXFileReference; includeInIndex = 1; lastKnownFileType = text.xcconfig; name = SampleCode.xcconfig; path = Configuration/SampleCode.xcconfig; sourceTree = "<group>"; };
/* End PBXFileReference section */

/* Begin PBXFrameworksBuildPhase section */
		3929C4851E89EC2C00E00B60 /* Frameworks */ = {
			isa = PBXFrameworksBuildPhase;
			buildActionMask = 2147483647;
			files = (
			);
			runOnlyForDeploymentPostprocessing = 0;
		};
/* End PBXFrameworksBuildPhase section */

/* Begin PBXGroup section */
		113B64D01ECA81CA0071CBD1 /* Focus Square */ = {
			isa = PBXGroup;
			children = (
				C42A71BC1E9C0AF200944367 /* FocusSquare.swift */,
				148832401EFC3B250043E0AB /* FocusSquareSegment.swift */,
			);
			path = "Focus Square";
			sourceTree = "<group>";
		};
		1488324A1EFC3E9C0043E0AB /* Utilities */ = {
			isa = PBXGroup;
			children = (
				39C0B9581E9C6B1F003FCA0C /* Utilities.swift */,
			);
			path = Utilities;
			sourceTree = "<group>";
		};
		1488324B1EFC3EBF0043E0AB /* Additional View Controllers */ = {
			isa = PBXGroup;
			children = (
				C41366B81EB80DD400EC054A /* StatusViewController.swift */,
				147062631F06FA790003EE03 /* VirtualObjectSelection.swift */,
			);
			path = "Additional View Controllers";
			sourceTree = "<group>";
		};
		1488324C1EFC3ED00043E0AB /* Resources */ = {
			isa = PBXGroup;
			children = (
				3929C49E1E89EE4400E00B60 /* Models.scnassets */,
				3929C4921E89EC2C00E00B60 /* Assets.xcassets */,
				3929C4971E89EC2C00E00B60 /* Info.plist */,
				3929C48F1E89EC2C00E00B60 /* Main.storyboard */,
				39D8DC1A1E8ADAE600386B05 /* LaunchScreen.storyboard */,
			);
			path = Resources;
			sourceTree = "<group>";
		};
		3929C47F1E89EC2C00E00B60 = {
			isa = PBXGroup;
			children = (
				11063F3B1EBE651B0033EE6D /* README.md */,
				3929C48A1E89EC2C00E00B60 /* ARKitInteraction */,
				3929C4891E89EC2C00E00B60 /* Products */,
				709A21C4DC1039A54BBAAD49 /* Configuration */,
				7F05FCEC064DFEF9F00989C9 /* LICENSE */,
			);
			sourceTree = "<group>";
		};
		3929C4891E89EC2C00E00B60 /* Products */ = {
			isa = PBXGroup;
			children = (
				3929C4881E89EC2C00E00B60 /* ARKitInteraction.app */,
			);
			name = Products;
			sourceTree = "<group>";
		};
		3929C48A1E89EC2C00E00B60 /* ARKitInteraction */ = {
			isa = PBXGroup;
			children = (
				3929C48B1E89EC2C00E00B60 /* AppDelegate.swift */,
				E83AE5731FB562EC00C4425C /* MenuViewController.swift */,
				E83AE5751FB5646800C4425C /* SettingsViewController.swift */,
				E896EF8F1FB803AC00DC921E /* MasterViewController.swift */,
				E83AE5771FB574F500C4425C /* SummaryViewController.swift */,
				3929C48D1E89EC2C00E00B60 /* ViewController.swift */,
				C8C12A701F29277B00B011FE /* ViewController+ARSCNViewDelegate.swift */,
				1488323E1EFC378A0043E0AB /* ViewController+Actions.swift */,
				147D76491EFC36070000FEBF /* ViewController+ObjectSelection.swift */,
				C8C2AC511F3A545C00E86BA3 /* VirtualObjectInteraction.swift */,
				C812D8671F47628300344E73 /* ThresholdPanGesture.swift */,
				C46356661EF9CC480080C8D9 /* VirtualObjectARView.swift */,
				E8197D201FB6D0C90074630E /* DynamicGeometry.swift */,
				E8197D241FB6D19F0074630E /* ARPlaneAnchor+Visualize.swift */,
				E8197D221FB6D19E0074630E /* Common.swift */,
				E8197D231FB6D19E0074630E /* SceneKitUtils.swift */,
				E8197D251FB6D19F0074630E /* VirtualObjectNode.swift */,
				E877473B1FB7E94200C00B2F /* ColorSlider.swift */,
				E896EF891FB7F09A00DC921E /* ExampleQuestions.json */,
				E896EF911FB80D8900DC921E /* NeckPain.json */,
				E87D5D8B1FB93F6A00DB5F64 /* Headache.json */,
				E87D5D8D1FB948F400DB5F64 /* Cough.json */,
				E87D5D8F1FB94C1600DB5F64 /* Dizziness.json */,
				E87D5D911FB94E0B00DB5F64 /* Fever.json */,
				E87D5D931FB94FAA00DB5F64 /* BackPain.json */,
				E87D5D951FB9583200DB5F64 /* Rash.json */,
				E87D5D971FB95A6900DB5F64 /* MusclePain.json */,
				E87D5D991FB9609000DB5F64 /* Earache.json */,
				E87D5D9B1FB9627000DB5F64 /* AbdominalPain.json */,
				E87D5D9D1FB96A6600DB5F64 /* General.json */,
				E896EF8B1FB7F09B00DC921E /* MyViewController.swift */,
				C40DF57B1EC2330700D9D59E /* Virtual Objects */,
				113B64D01ECA81CA0071CBD1 /* Focus Square */,
				1488324B1EFC3EBF0043E0AB /* Additional View Controllers */,
				E896EF191FB7EF9B00DC921E /* SurveyNative */,
				1488324A1EFC3E9C0043E0AB /* Utilities */,
				1488324C1EFC3ED00043E0AB /* Resources */,
			);
			path = ARKitInteraction;
			sourceTree = "<group>";
		};
		709A21C4DC1039A54BBAAD49 /* Configuration */ = {
			isa = PBXGroup;
			children = (
				EDEAD543F9C5D3E64B9CC319 /* SampleCode.xcconfig */,
			);
			name = Configuration;
			sourceTree = "<group>";
		};
		7F05FCEC064DFEF9F00989C9 /* LICENSE */ = {
			isa = PBXGroup;
			children = (
				E5D46016DF144A3D9292F48C /* LICENSE.txt */,
			);
			path = LICENSE;
			sourceTree = "<group>";
		};
		C40DF57B1EC2330700D9D59E /* Virtual Objects */ = {
			isa = PBXGroup;
			children = (
				C8D719FF1F3B7D3D0086AD64 /* VirtualObject.swift */,
				C46356651EF9CB1A0080C8D9 /* VirtualObjectLoader.swift */,
			);
			path = "Virtual Objects";
			sourceTree = "<group>";
		};
		E896EF191FB7EF9B00DC921E /* SurveyNative */ = {
			isa = PBXGroup;
			children = (
				E896EF1A1FB7EF9B00DC921E /* Assets */,
				E896EF251FB7EF9B00DC921E /* Classes */,
			);
			path = SurveyNative;
			sourceTree = "<group>";
		};
		E896EF1A1FB7EF9B00DC921E /* Assets */ = {
			isa = PBXGroup;
			children = (
				E896EF1B1FB7EF9B00DC921E /* blue-down-button.png */,
				E896EF1C1FB7EF9B00DC921E /* blue-down-button@2x.png */,
				E896EF1D1FB7EF9B00DC921E /* blue-radio-button-deselected-white.png */,
				E896EF1E1FB7EF9B00DC921E /* blue-radio-button-deselected-white@2x.png */,
				E896EF1F1FB7EF9B00DC921E /* blue-radio-button-selected-white.png */,
				E896EF201FB7EF9B00DC921E /* blue-radio-button-selected-white@2x.png */,
				E896EF211FB7EF9B00DC921E /* blue-tick-box-not-ticked-white.png */,
				E896EF221FB7EF9B00DC921E /* blue-tick-box-not-ticked-white@2x.png */,
				E896EF231FB7EF9B00DC921E /* blue-tick-box-ticked-white.png */,
				E896EF241FB7EF9B00DC921E /* blue-tick-box-ticked-white@2x.png */,
			);
			path = Assets;
			sourceTree = "<group>";
		};
		E896EF251FB7EF9B00DC921E /* Classes */ = {
			isa = PBXGroup;
			children = (
				E896EF261FB7EF9B00DC921E /* CustomConditionDelegate.swift */,
				E896EF271FB7EF9B00DC921E /* DefaultSurveyTheme.swift */,
				E896EF281FB7EF9B00DC921E /* DefaultTableCellDataDelegate.swift */,
				E896EF291FB7EF9B00DC921E /* DefaultValidator.swift */,
				E896EF2A1FB7EF9B00DC921E /* Logger.swift */,
				E896EF2B1FB7EF9B00DC921E /* SurveyAnswerDelegate.swift */,
				E896EF2C1FB7EF9B00DC921E /* SurveyBundle.swift */,
				E896EF2D1FB7EF9B00DC921E /* SurveyDataSource.swift */,
				E896EF2E1FB7EF9B00DC921E /* SurveyQuestions.swift */,
				E896EF2F1FB7EF9B00DC921E /* SurveyTableViewDelegate.swift */,
				E896EF301FB7EF9B00DC921E /* SurveyTheme.swift */,
				E896EF311FB7EF9B00DC921E /* SurveyViewController.swift */,
				E896EF321FB7EF9B00DC921E /* TableCellDataDelegate.swift */,
				E896EF331FB7EF9B00DC921E /* TableUIUpdater.swift */,
				E896EF341FB7EF9B00DC921E /* TableViewCells */,
				E896EF511FB7EF9B00DC921E /* ValidationFailedDelegate.swift */,
				E896EF521FB7EF9B00DC921E /* Validator.swift */,
			);
			path = Classes;
			sourceTree = "<group>";
		};
		E896EF341FB7EF9B00DC921E /* TableViewCells */ = {
			isa = PBXGroup;
			children = (
				E896EF351FB7EF9B00DC921E /* AddTextFieldTableViewCell.swift */,
				E896EF361FB7EF9B00DC921E /* AddTextFieldTableViewCell.xib */,
				E896EF371FB7EF9B00DC921E /* DatePickerTableViewCell.swift */,
				E896EF381FB7EF9B00DC921E /* DatePickerViewController.swift */,
				E896EF391FB7EF9B00DC921E /* DatePickerViewController.xib */,
				E896EF3A1FB7EF9B00DC921E /* DynamicLabelTableViewCell.swift */,
				E896EF3B1FB7EF9B00DC921E /* DynamicLabelTableViewCell.xib */,
				E896EF3C1FB7EF9B00DC921E /* DynamicLabelTextFieldTableViewCell.swift */,
				E896EF3D1FB7EF9B00DC921E /* DynamicLabelTextFieldTableViewCell.xib */,
				E896EF3E1FB7EF9B00DC921E /* HasSelectionState.swift */,
				E896EF3F1FB7EF9B00DC921E /* OptionTableViewCell.swift */,
				E896EF401FB7EF9B00DC921E /* OptionTableViewCell.xib */,
				E896EF411FB7EF9B00DC921E /* OtherOptionTableViewCell.swift */,
				E896EF421FB7EF9B00DC921E /* OtherOptionTableViewCell.xib */,
				E896EF431FB7EF9B00DC921E /* PickerViewController.swift */,
				E896EF441FB7EF9B00DC921E /* PickerViewController.xib */,
				E896EF451FB7EF9B00DC921E /* SelectSegmentTableViewCell.swift */,
				E896EF461FB7EF9B00DC921E /* SelectSegmentTableViewCell.xib */,
				E896EF471FB7EF9B00DC921E /* SubmitButtonTableViewCell.swift */,
				E896EF481FB7EF9B00DC921E /* SubmitButtonTableViewCell.xib */,
				E896EF491FB7EF9B00DC921E /* TableRowHeaderTableViewCell.swift */,
				E896EF4A1FB7EF9B00DC921E /* TableRowHeaderTableViewCell.xib */,
				E896EF4B1FB7EF9B00DC921E /* TableRowTableViewCell.swift */,
				E896EF4C1FB7EF9B00DC921E /* TableRowTableViewCell.xib */,
				E896EF4D1FB7EF9B00DC921E /* TableViewCellActivating.swift */,
				E896EF4E1FB7EF9B00DC921E /* TextFieldTableViewCell.swift */,
				E896EF4F1FB7EF9B00DC921E /* TextFieldTableViewCell.xib */,
				E896EF501FB7EF9B00DC921E /* YearPickerTableViewCell.swift */,
			);
			path = TableViewCells;
			sourceTree = "<group>";
		};
/* End PBXGroup section */

/* Begin PBXNativeTarget section */
		3929C4871E89EC2C00E00B60 /* ARKitInteraction */ = {
			isa = PBXNativeTarget;
			buildConfigurationList = 3929C49A1E89EC2C00E00B60 /* Build configuration list for PBXNativeTarget "ARKitInteraction" */;
			buildPhases = (
				3929C4841E89EC2C00E00B60 /* Sources */,
				3929C4851E89EC2C00E00B60 /* Frameworks */,
				3929C4861E89EC2C00E00B60 /* Resources */,
			);
			buildRules = (
			);
			dependencies = (
			);
			name = ARKitInteraction;
			productName = ARKitInteraction;
			productReference = 3929C4881E89EC2C00E00B60 /* ARKitInteraction.app */;
			productType = "com.apple.product-type.application";
		};
/* End PBXNativeTarget section */

/* Begin PBXProject section */
		3929C4801E89EC2C00E00B60 /* Project object */ = {
			isa = PBXProject;
			attributes = {
				LastSwiftUpdateCheck = 0900;
				LastUpgradeCheck = 0910;
				ORGANIZATIONNAME = Apple;
				TargetAttributes = {
					3929C4871E89EC2C00E00B60 = {
						CreatedOnToolsVersion = 9.0;
						DevelopmentTeam = 68RB738V9E;
						LastSwiftMigration = 0900;
						ProvisioningStyle = Automatic;
					};
				};
			};
			buildConfigurationList = 3929C4831E89EC2C00E00B60 /* Build configuration list for PBXProject "ARKitInteraction" */;
			compatibilityVersion = "Xcode 3.2";
			developmentRegion = English;
			hasScannedForEncodings = 0;
			knownRegions = (
				en,
				Base,
			);
			mainGroup = 3929C47F1E89EC2C00E00B60;
			productRefGroup = 3929C4891E89EC2C00E00B60 /* Products */;
			projectDirPath = "";
			projectRoot = "";
			targets = (
				3929C4871E89EC2C00E00B60 /* ARKitInteraction */,
			);
		};
/* End PBXProject section */

/* Begin PBXResourcesBuildPhase section */
		3929C4861E89EC2C00E00B60 /* Resources */ = {
			isa = PBXResourcesBuildPhase;
			buildActionMask = 2147483647;
			files = (
				E896EF571FB7EF9C00DC921E /* blue-radio-button-selected-white.png in Resources */,
				E87D5D8C1FB93F6B00DB5F64 /* Headache.json in Resources */,
				E896EF5A1FB7EF9C00DC921E /* blue-tick-box-not-ticked-white@2x.png in Resources */,
				E896EF561FB7EF9C00DC921E /* blue-radio-button-deselected-white@2x.png in Resources */,
				E87D5D901FB94C1600DB5F64 /* Dizziness.json in Resources */,
				E896EF851FB7EF9C00DC921E /* TextFieldTableViewCell.xib in Resources */,
				E896EF711FB7EF9C00DC921E /* DynamicLabelTableViewCell.xib in Resources */,
				E87D5D961FB9583200DB5F64 /* Rash.json in Resources */,
				E896EF801FB7EF9C00DC921E /* TableRowHeaderTableViewCell.xib in Resources */,
				E896EF921FB80D8A00DC921E /* NeckPain.json in Resources */,
				E87D5D9E1FB96A6600DB5F64 /* General.json in Resources */,
				E896EF5C1FB7EF9C00DC921E /* blue-tick-box-ticked-white@2x.png in Resources */,
				E87D5D921FB94E0B00DB5F64 /* Fever.json in Resources */,
				E896EF541FB7EF9C00DC921E /* blue-down-button@2x.png in Resources */,
				E87D5D9A1FB9609100DB5F64 /* Earache.json in Resources */,
				E896EF731FB7EF9C00DC921E /* DynamicLabelTextFieldTableViewCell.xib in Resources */,
				E87D5D9C1FB9627100DB5F64 /* AbdominalPain.json in Resources */,
				E896EF8C1FB7F09B00DC921E /* ExampleQuestions.json in Resources */,
				E896EF581FB7EF9C00DC921E /* blue-radio-button-selected-white@2x.png in Resources */,
				E896EF7E1FB7EF9C00DC921E /* SubmitButtonTableViewCell.xib in Resources */,
				3929C49F1E89EE4400E00B60 /* Models.scnassets in Resources */,
				E896EF5B1FB7EF9C00DC921E /* blue-tick-box-ticked-white.png in Resources */,
				E87D5D981FB95A6900DB5F64 /* MusclePain.json in Resources */,
				E896EF761FB7EF9C00DC921E /* OptionTableViewCell.xib in Resources */,
				E896EF6F1FB7EF9C00DC921E /* DatePickerViewController.xib in Resources */,
				39D8DC1B1E8ADAE600386B05 /* LaunchScreen.storyboard in Resources */,
				E896EF591FB7EF9C00DC921E /* blue-tick-box-not-ticked-white.png in Resources */,
				3929C4931E89EC2C00E00B60 /* Assets.xcassets in Resources */,
				E896EF551FB7EF9C00DC921E /* blue-radio-button-deselected-white.png in Resources */,
				E87D5D8E1FB948F400DB5F64 /* Cough.json in Resources */,
				E896EF531FB7EF9C00DC921E /* blue-down-button.png in Resources */,
				3929C4911E89EC2C00E00B60 /* Main.storyboard in Resources */,
				E896EF821FB7EF9C00DC921E /* TableRowTableViewCell.xib in Resources */,
				E896EF6C1FB7EF9C00DC921E /* AddTextFieldTableViewCell.xib in Resources */,
				E896EF7C1FB7EF9C00DC921E /* SelectSegmentTableViewCell.xib in Resources */,
				E896EF7A1FB7EF9C00DC921E /* PickerViewController.xib in Resources */,
				E896EF781FB7EF9C00DC921E /* OtherOptionTableViewCell.xib in Resources */,
				E87D5D941FB94FAA00DB5F64 /* BackPain.json in Resources */,
			);
			runOnlyForDeploymentPostprocessing = 0;
		};
/* End PBXResourcesBuildPhase section */

/* Begin PBXSourcesBuildPhase section */
		3929C4841E89EC2C00E00B60 /* Sources */ = {
			isa = PBXSourcesBuildPhase;
			buildActionMask = 2147483647;
			files = (
				C812D8681F47628300344E73 /* ThresholdPanGesture.swift in Sources */,
				E896EF7D1FB7EF9C00DC921E /* SubmitButtonTableViewCell.swift in Sources */,
				E896EF651FB7EF9C00DC921E /* SurveyQuestions.swift in Sources */,
				11BD822A1F09D750003F11C8 /* ViewController+ObjectSelection.swift in Sources */,
				E896EF871FB7EF9C00DC921E /* ValidationFailedDelegate.swift in Sources */,
				E8197D291FB6D19F0074630E /* VirtualObjectNode.swift in Sources */,
				1488323F1EFC378A0043E0AB /* ViewController+Actions.swift in Sources */,
				E896EF5D1FB7EF9C00DC921E /* CustomConditionDelegate.swift in Sources */,
				E896EF611FB7EF9C00DC921E /* Logger.swift in Sources */,
				3929C48E1E89EC2C00E00B60 /* ViewController.swift in Sources */,
				E896EF901FB803AC00DC921E /* MasterViewController.swift in Sources */,
				E896EF831FB7EF9C00DC921E /* TableViewCellActivating.swift in Sources */,
				E896EF701FB7EF9C00DC921E /* DynamicLabelTableViewCell.swift in Sources */,
				C41366B91EB80DD400EC054A /* StatusViewController.swift in Sources */,
				39C0B95A1E9C6B1F003FCA0C /* Utilities.swift in Sources */,
				147062641F06FA790003EE03 /* VirtualObjectSelection.swift in Sources */,
				E896EF6B1FB7EF9C00DC921E /* AddTextFieldTableViewCell.swift in Sources */,
				E896EF811FB7EF9C00DC921E /* TableRowTableViewCell.swift in Sources */,
				E896EF641FB7EF9C00DC921E /* SurveyDataSource.swift in Sources */,
				E83AE5741FB562EC00C4425C /* MenuViewController.swift in Sources */,
				E8197D261FB6D19F0074630E /* Common.swift in Sources */,
				C8C12A711F29277B00B011FE /* ViewController+ARSCNViewDelegate.swift in Sources */,
				C8C2AC521F3A545C00E86BA3 /* VirtualObjectInteraction.swift in Sources */,
				E896EF671FB7EF9C00DC921E /* SurveyTheme.swift in Sources */,
				E896EF791FB7EF9C00DC921E /* PickerViewController.swift in Sources */,
				C46356671EF9CC500080C8D9 /* VirtualObjectARView.swift in Sources */,
				E896EF6A1FB7EF9C00DC921E /* TableUIUpdater.swift in Sources */,
				E896EF631FB7EF9C00DC921E /* SurveyBundle.swift in Sources */,
				E896EF841FB7EF9C00DC921E /* TextFieldTableViewCell.swift in Sources */,
				E896EF661FB7EF9C00DC921E /* SurveyTableViewDelegate.swift in Sources */,
				E896EF751FB7EF9C00DC921E /* OptionTableViewCell.swift in Sources */,
				E896EF721FB7EF9C00DC921E /* DynamicLabelTextFieldTableViewCell.swift in Sources */,
				E8197D271FB6D19F0074630E /* SceneKitUtils.swift in Sources */,
				E896EF881FB7EF9C00DC921E /* Validator.swift in Sources */,
				148832411EFC3B250043E0AB /* FocusSquareSegment.swift in Sources */,
				E896EF601FB7EF9C00DC921E /* DefaultValidator.swift in Sources */,
				E896EF621FB7EF9C00DC921E /* SurveyAnswerDelegate.swift in Sources */,
				E83AE5761FB5646800C4425C /* SettingsViewController.swift in Sources */,
				E896EF7F1FB7EF9C00DC921E /* TableRowHeaderTableViewCell.swift in Sources */,
				E896EF861FB7EF9C00DC921E /* YearPickerTableViewCell.swift in Sources */,
				E896EF691FB7EF9C00DC921E /* TableCellDataDelegate.swift in Sources */,
				E896EF5E1FB7EF9C00DC921E /* DefaultSurveyTheme.swift in Sources */,
				E8197D281FB6D19F0074630E /* ARPlaneAnchor+Visualize.swift in Sources */,
				E896EF7B1FB7EF9C00DC921E /* SelectSegmentTableViewCell.swift in Sources */,
				E896EF771FB7EF9C00DC921E /* OtherOptionTableViewCell.swift in Sources */,
				E896EF6E1FB7EF9C00DC921E /* DatePickerViewController.swift in Sources */,
				E896EF741FB7EF9C00DC921E /* HasSelectionState.swift in Sources */,
				E896EF8E1FB7F09B00DC921E /* MyViewController.swift in Sources */,
				C8D71A001F3B7D3D0086AD64 /* VirtualObject.swift in Sources */,
				C42A71BD1E9C0AF200944367 /* FocusSquare.swift in Sources */,
				E896EF5F1FB7EF9C00DC921E /* DefaultTableCellDataDelegate.swift in Sources */,
				3929C48C1E89EC2C00E00B60 /* AppDelegate.swift in Sources */,
				E8197D211FB6D0C90074630E /* DynamicGeometry.swift in Sources */,
				C46356681EF9CC530080C8D9 /* VirtualObjectLoader.swift in Sources */,
				E877473C1FB7E94200C00B2F /* ColorSlider.swift in Sources */,
				E896EF681FB7EF9C00DC921E /* SurveyViewController.swift in Sources */,
				E83AE5781FB574F500C4425C /* SummaryViewController.swift in Sources */,
				E896EF6D1FB7EF9C00DC921E /* DatePickerTableViewCell.swift in Sources */,
			);
			runOnlyForDeploymentPostprocessing = 0;
		};
/* End PBXSourcesBuildPhase section */

/* Begin PBXVariantGroup section */
		3929C48F1E89EC2C00E00B60 /* Main.storyboard */ = {
			isa = PBXVariantGroup;
			children = (
				3929C4901E89EC2C00E00B60 /* Base */,
			);
			name = Main.storyboard;
			path = ..;
			sourceTree = "<group>";
		};
/* End PBXVariantGroup section */

/* Begin XCBuildConfiguration section */
		3929C4981E89EC2C00E00B60 /* Debug */ = {
			isa = XCBuildConfiguration;
			baseConfigurationReference = EDEAD543F9C5D3E64B9CC319 /* SampleCode.xcconfig */;
			buildSettings = {
				ALWAYS_SEARCH_USER_PATHS = NO;
				CLANG_ANALYZER_NONNULL = YES;
				CLANG_ANALYZER_NUMBER_OBJECT_CONVERSION = YES_AGGRESSIVE;
				CLANG_CXX_LANGUAGE_STANDARD = "gnu++0x";
				CLANG_CXX_LIBRARY = "libc++";
				CLANG_ENABLE_MODULES = YES;
				CLANG_ENABLE_OBJC_ARC = YES;
				CLANG_WARN_BLOCK_CAPTURE_AUTORELEASING = YES;
				CLANG_WARN_BOOL_CONVERSION = YES;
				CLANG_WARN_COMMA = YES;
				CLANG_WARN_CONSTANT_CONVERSION = YES;
				CLANG_WARN_DIRECT_OBJC_ISA_USAGE = YES_ERROR;
				CLANG_WARN_DOCUMENTATION_COMMENTS = YES;
				CLANG_WARN_EMPTY_BODY = YES;
				CLANG_WARN_ENUM_CONVERSION = YES;
				CLANG_WARN_INFINITE_RECURSION = YES;
				CLANG_WARN_INT_CONVERSION = YES;
				CLANG_WARN_NON_LITERAL_NULL_CONVERSION = YES;
				CLANG_WARN_OBJC_LITERAL_CONVERSION = YES;
				CLANG_WARN_OBJC_ROOT_CLASS = YES_ERROR;
				CLANG_WARN_RANGE_LOOP_ANALYSIS = YES;
				CLANG_WARN_STRICT_PROTOTYPES = YES;
				CLANG_WARN_SUSPICIOUS_MOVE = YES;
				CLANG_WARN_UNREACHABLE_CODE = YES;
				CLANG_WARN__DUPLICATE_METHOD_MATCH = YES;
				"CODE_SIGN_IDENTITY[sdk=iphoneos*]" = "iPhone Developer";
				COPY_PHASE_STRIP = NO;
				DEBUG_INFORMATION_FORMAT = dwarf;
				ENABLE_STRICT_OBJC_MSGSEND = YES;
				ENABLE_TESTABILITY = YES;
				GCC_C_LANGUAGE_STANDARD = gnu99;
				GCC_DYNAMIC_NO_PIC = NO;
				GCC_NO_COMMON_BLOCKS = YES;
				GCC_OPTIMIZATION_LEVEL = 0;
				GCC_PREPROCESSOR_DEFINITIONS = (
					"DEBUG=1",
					"$(inherited)",
				);
				GCC_WARN_64_TO_32_BIT_CONVERSION = YES;
				GCC_WARN_ABOUT_RETURN_TYPE = YES_ERROR;
				GCC_WARN_UNDECLARED_SELECTOR = YES;
				GCC_WARN_UNINITIALIZED_AUTOS = YES_AGGRESSIVE;
				GCC_WARN_UNUSED_FUNCTION = YES;
				GCC_WARN_UNUSED_VARIABLE = YES;
				IPHONEOS_DEPLOYMENT_TARGET = 11.0;
				MTL_ENABLE_DEBUG_INFO = YES;
				ONLY_ACTIVE_ARCH = YES;
				SDKROOT = iphoneos;
				SWIFT_ACTIVE_COMPILATION_CONDITIONS = DEBUG;
				SWIFT_OPTIMIZATION_LEVEL = "-Onone";
				TARGETED_DEVICE_FAMILY = "1,2";
			};
			name = Debug;
		};
		3929C4991E89EC2C00E00B60 /* Release */ = {
			isa = XCBuildConfiguration;
			baseConfigurationReference = EDEAD543F9C5D3E64B9CC319 /* SampleCode.xcconfig */;
			buildSettings = {
				ALWAYS_SEARCH_USER_PATHS = NO;
				CLANG_ANALYZER_NONNULL = YES;
				CLANG_ANALYZER_NUMBER_OBJECT_CONVERSION = YES_AGGRESSIVE;
				CLANG_CXX_LANGUAGE_STANDARD = "gnu++0x";
				CLANG_CXX_LIBRARY = "libc++";
				CLANG_ENABLE_MODULES = YES;
				CLANG_ENABLE_OBJC_ARC = YES;
				CLANG_WARN_BLOCK_CAPTURE_AUTORELEASING = YES;
				CLANG_WARN_BOOL_CONVERSION = YES;
				CLANG_WARN_COMMA = YES;
				CLANG_WARN_CONSTANT_CONVERSION = YES;
				CLANG_WARN_DIRECT_OBJC_ISA_USAGE = YES_ERROR;
				CLANG_WARN_DOCUMENTATION_COMMENTS = YES;
				CLANG_WARN_EMPTY_BODY = YES;
				CLANG_WARN_ENUM_CONVERSION = YES;
				CLANG_WARN_INFINITE_RECURSION = YES;
				CLANG_WARN_INT_CONVERSION = YES;
				CLANG_WARN_NON_LITERAL_NULL_CONVERSION = YES;
				CLANG_WARN_OBJC_LITERAL_CONVERSION = YES;
				CLANG_WARN_OBJC_ROOT_CLASS = YES_ERROR;
				CLANG_WARN_RANGE_LOOP_ANALYSIS = YES;
				CLANG_WARN_STRICT_PROTOTYPES = YES;
				CLANG_WARN_SUSPICIOUS_MOVE = YES;
				CLANG_WARN_UNREACHABLE_CODE = YES;
				CLANG_WARN__DUPLICATE_METHOD_MATCH = YES;
				"CODE_SIGN_IDENTITY[sdk=iphoneos*]" = "iPhone Developer";
				COPY_PHASE_STRIP = NO;
				DEBUG_INFORMATION_FORMAT = "dwarf-with-dsym";
				ENABLE_NS_ASSERTIONS = NO;
				ENABLE_STRICT_OBJC_MSGSEND = YES;
				GCC_C_LANGUAGE_STANDARD = gnu99;
				GCC_NO_COMMON_BLOCKS = YES;
				GCC_WARN_64_TO_32_BIT_CONVERSION = YES;
				GCC_WARN_ABOUT_RETURN_TYPE = YES_ERROR;
				GCC_WARN_UNDECLARED_SELECTOR = YES;
				GCC_WARN_UNINITIALIZED_AUTOS = YES_AGGRESSIVE;
				GCC_WARN_UNUSED_FUNCTION = YES;
				GCC_WARN_UNUSED_VARIABLE = YES;
				IPHONEOS_DEPLOYMENT_TARGET = 11.0;
				MTL_ENABLE_DEBUG_INFO = NO;
				SDKROOT = iphoneos;
				SWIFT_OPTIMIZATION_LEVEL = "-Owholemodule";
				TARGETED_DEVICE_FAMILY = "1,2";
				VALIDATE_PRODUCT = YES;
			};
			name = Release;
		};
		3929C49B1E89EC2C00E00B60 /* Debug */ = {
			isa = XCBuildConfiguration;
			baseConfigurationReference = EDEAD543F9C5D3E64B9CC319 /* SampleCode.xcconfig */;
			buildSettings = {
				ASSETCATALOG_COMPILER_APPICON_NAME = AppIcon;
				CODE_SIGN_IDENTITY = "-";
				"CODE_SIGN_IDENTITY[sdk=iphoneos*]" = "iPhone Developer";
				CODE_SIGN_STYLE = Automatic;
				DEVELOPMENT_TEAM = 68RB738V9E;
				INFOPLIST_FILE = "$(SRCROOT)/ARKitInteraction/Resources/Info.plist";
				LD_RUNPATH_SEARCH_PATHS = "$(inherited) @executable_path/Frameworks";
				PRODUCT_BUNDLE_IDENTIFIER = "com.Dave-Joe.ardoc";
				PRODUCT_NAME = "$(TARGET_NAME)";
				PROVISIONING_PROFILE_SPECIFIER = "";
				SWIFT_SWIFT3_OBJC_INFERENCE = Default;
				SWIFT_VERSION = 4.0;
				TARGETED_DEVICE_FAMILY = "1,2";
			};
			name = Debug;
		};
		3929C49C1E89EC2C00E00B60 /* Release */ = {
			isa = XCBuildConfiguration;
			baseConfigurationReference = EDEAD543F9C5D3E64B9CC319 /* SampleCode.xcconfig */;
			buildSettings = {
				ASSETCATALOG_COMPILER_APPICON_NAME = AppIcon;
				CODE_SIGN_IDENTITY = "-";
				"CODE_SIGN_IDENTITY[sdk=iphoneos*]" = "iPhone Developer";
				CODE_SIGN_STYLE = Automatic;
				DEVELOPMENT_TEAM = 68RB738V9E;
				INFOPLIST_FILE = "$(SRCROOT)/ARKitInteraction/Resources/Info.plist";
				LD_RUNPATH_SEARCH_PATHS = "$(inherited) @executable_path/Frameworks";
				PRODUCT_BUNDLE_IDENTIFIER = "com.Dave-Joe.ardoc";
				PRODUCT_NAME = "$(TARGET_NAME)";
				PROVISIONING_PROFILE_SPECIFIER = "";
				SWIFT_SWIFT3_OBJC_INFERENCE = Default;
				SWIFT_VERSION = 4.0;
				TARGETED_DEVICE_FAMILY = "1,2";
			};
			name = Release;
		};
/* End XCBuildConfiguration section */

/* Begin XCConfigurationList section */
		3929C4831E89EC2C00E00B60 /* Build configuration list for PBXProject "ARKitInteraction" */ = {
			isa = XCConfigurationList;
			buildConfigurations = (
				3929C4981E89EC2C00E00B60 /* Debug */,
				3929C4991E89EC2C00E00B60 /* Release */,
			);
			defaultConfigurationIsVisible = 0;
			defaultConfigurationName = Release;
		};
		3929C49A1E89EC2C00E00B60 /* Build configuration list for PBXNativeTarget "ARKitInteraction" */ = {
			isa = XCConfigurationList;
			buildConfigurations = (
				3929C49B1E89EC2C00E00B60 /* Debug */,
				3929C49C1E89EC2C00E00B60 /* Release */,
			);
			defaultConfigurationIsVisible = 0;
			defaultConfigurationName = Release;
		};
/* End XCConfigurationList section */
	};
	rootObject = 3929C4801E89EC2C00E00B60 /* Project object */;
}
